
Microsoft Visual Studio Solution File, Format Version 12.00
# Visual Studio Version 16
VisualStudioVersion = 16.0.29709.97
MinimumVisualStudioVersion = 10.0.40219.1
Project("{FAE04EC0-301F-11D3-BF4B-00C04F79EFBC}") = "Banque", "Banque\Banque.csproj", "{086CAB75-3B9B-471E-8FE5-931BBB9EB4E8}"
EndProject
Global
	GlobalSection(SolutionConfigurationPlatforms) = preSolution
		Debug|Any CPU = Debug|Any CPU
		Release|Any CPU = Release|Any CPU
	EndGlobalSection
	GlobalSection(ProjectConfigurationPlatforms) = postSolution
		{086CAB75-3B9B-471E-8FE5-931BBB9EB4E8}.Debug|Any CPU.ActiveCfg = Debug|Any CPU
		{086CAB75-3B9B-471E-8FE5-931BBB9EB4E8}.Debug|Any CPU.Build.0 = Debug|Any CPU
		{086CAB75-3B9B-471E-8FE5-931BBB9EB4E8}.Release|Any CPU.ActiveCfg = Release|Any CPU
		{086CAB75-3B9B-471E-8FE5-931BBB9EB4E8}.Release|Any CPU.Build.0 = Release|Any CPU
	EndGlobalSection
	GlobalSection(SolutionProperties) = preSolution
		HideSolutionNode = FALSE
	EndGlobalSection
	GlobalSection(ExtensibilityGlobals) = postSolution
		SolutionGuid = {F75834AA-82DC-4210-AD16-8401191F354B}
	EndGlobalSection
EndGlobal
